// !$*UTF8*$!
{
	archiveVersion = 1;
	classes = {
	};
	objectVersion = 50;
	objects = {

/* Begin PBXBuildFile section */
		0408746424D85F0D00C5E97F /* AppDelegate.swift in Sources */ = {isa = PBXBuildFile; fileRef = 0408746324D85F0D00C5E97F /* AppDelegate.swift */; };
		0408746824D85F0D00C5E97F /* SessionViewController.swift in Sources */ = {isa = PBXBuildFile; fileRef = 0408746724D85F0D00C5E97F /* SessionViewController.swift */; };
		0408746B24D85F0D00C5E97F /* Main.storyboard in Resources */ = {isa = PBXBuildFile; fileRef = 0408746924D85F0D00C5E97F /* Main.storyboard */; };
		0408746D24D85F1500C5E97F /* Assets.xcassets in Resources */ = {isa = PBXBuildFile; fileRef = 0408746C24D85F1500C5E97F /* Assets.xcassets */; };
		0408747024D85F1500C5E97F /* LaunchScreen.storyboard in Resources */ = {isa = PBXBuildFile; fileRef = 0408746E24D85F1500C5E97F /* LaunchScreen.storyboard */; };
		0408747A24D8914800C5E97F /* OnboardingViewController.swift in Sources */ = {isa = PBXBuildFile; fileRef = 0408747924D8914800C5E97F /* OnboardingViewController.swift */; };
		0408747E24D8B1C700C5E97F /* BreakViewController.swift in Sources */ = {isa = PBXBuildFile; fileRef = 0408747D24D8B1C700C5E97F /* BreakViewController.swift */; };
		0456E8EB24D9EA43006DC0EC /* Session.swift in Sources */ = {isa = PBXBuildFile; fileRef = 0456E8EA24D9EA43006DC0EC /* Session.swift */; };
		0456E8ED24D9ED78006DC0EC /* SessionManager.swift in Sources */ = {isa = PBXBuildFile; fileRef = 0456E8EC24D9ED78006DC0EC /* SessionManager.swift */; };
		04800C9424DAA8CD00B847BC /* BreakManager.swift in Sources */ = {isa = PBXBuildFile; fileRef = 04800C9324DAA8CD00B847BC /* BreakManager.swift */; };
		04800C9624DAA9B300B847BC /* Break.swift in Sources */ = {isa = PBXBuildFile; fileRef = 04800C9524DAA9B300B847BC /* Break.swift */; };
/* End PBXBuildFile section */

/* Begin PBXFileReference section */
		0408746024D85F0D00C5E97F /* Cactus.app */ = {isa = PBXFileReference; explicitFileType = wrapper.application; includeInIndex = 0; path = Cactus.app; sourceTree = BUILT_PRODUCTS_DIR; };
		0408746324D85F0D00C5E97F /* AppDelegate.swift */ = {isa = PBXFileReference; lastKnownFileType = sourcecode.swift; path = AppDelegate.swift; sourceTree = "<group>"; };
		0408746724D85F0D00C5E97F /* SessionViewController.swift */ = {isa = PBXFileReference; lastKnownFileType = sourcecode.swift; name = SessionViewController.swift; path = ../SessionViewController.swift; sourceTree = "<group>"; };
		0408746A24D85F0D00C5E97F /* Base */ = {isa = PBXFileReference; lastKnownFileType = file.storyboard; name = Base; path = Base.lproj/Main.storyboard; sourceTree = "<group>"; };
		0408746C24D85F1500C5E97F /* Assets.xcassets */ = {isa = PBXFileReference; lastKnownFileType = folder.assetcatalog; path = Assets.xcassets; sourceTree = "<group>"; };
		0408746F24D85F1500C5E97F /* Base */ = {isa = PBXFileReference; lastKnownFileType = file.storyboard; name = Base; path = Base.lproj/LaunchScreen.storyboard; sourceTree = "<group>"; };
		0408747124D85F1500C5E97F /* Info.plist */ = {isa = PBXFileReference; lastKnownFileType = text.plist.xml; path = Info.plist; sourceTree = "<group>"; };
		0408747924D8914800C5E97F /* OnboardingViewController.swift */ = {isa = PBXFileReference; lastKnownFileType = sourcecode.swift; path = OnboardingViewController.swift; sourceTree = "<group>"; };
		0408747D24D8B1C700C5E97F /* BreakViewController.swift */ = {isa = PBXFileReference; lastKnownFileType = sourcecode.swift; path = BreakViewController.swift; sourceTree = "<group>"; };
		0456E8EA24D9EA43006DC0EC /* Session.swift */ = {isa = PBXFileReference; lastKnownFileType = sourcecode.swift; path = Session.swift; sourceTree = "<group>"; };
		0456E8EC24D9ED78006DC0EC /* SessionManager.swift */ = {isa = PBXFileReference; lastKnownFileType = sourcecode.swift; path = SessionManager.swift; sourceTree = "<group>"; };
		04800C9324DAA8CD00B847BC /* BreakManager.swift */ = {isa = PBXFileReference; lastKnownFileType = sourcecode.swift; path = BreakManager.swift; sourceTree = "<group>"; };
		04800C9524DAA9B300B847BC /* Break.swift */ = {isa = PBXFileReference; lastKnownFileType = sourcecode.swift; path = Break.swift; sourceTree = "<group>"; };
/* End PBXFileReference section */

/* Begin PBXFrameworksBuildPhase section */
		0408745D24D85F0D00C5E97F /* Frameworks */ = {
			isa = PBXFrameworksBuildPhase;
			buildActionMask = 2147483647;
			files = (
			);
			runOnlyForDeploymentPostprocessing = 0;
		};
/* End PBXFrameworksBuildPhase section */

/* Begin PBXGroup section */
		0408745724D85F0D00C5E97F = {
			isa = PBXGroup;
			children = (
				0408746224D85F0D00C5E97F /* Cactus */,
				0408746124D85F0D00C5E97F /* Products */,
			);
			sourceTree = "<group>";
		};
		0408746124D85F0D00C5E97F /* Products */ = {
			isa = PBXGroup;
			children = (
				0408746024D85F0D00C5E97F /* Cactus.app */,
			);
			name = Products;
			sourceTree = "<group>";
		};
		0408746224D85F0D00C5E97F /* Cactus */ = {
			isa = PBXGroup;
			children = (
				0456E8E724D9E868006DC0EC /* Session */,
				0408746324D85F0D00C5E97F /* AppDelegate.swift */,
				0408746924D85F0D00C5E97F /* Main.storyboard */,
				0408746C24D85F1500C5E97F /* Assets.xcassets */,
				0408746E24D85F1500C5E97F /* LaunchScreen.storyboard */,
				0408747124D85F1500C5E97F /* Info.plist */,
				0408747924D8914800C5E97F /* OnboardingViewController.swift */,
			);
			path = Cactus;
			sourceTree = "<group>";
		};
		0456E8E724D9E868006DC0EC /* Session */ = {
			isa = PBXGroup;
			children = (
				0456E8E924D9E8A2006DC0EC /* Controller */,
				0456E8E824D9E894006DC0EC /* Model */,
			);
			path = Session;
			sourceTree = "<group>";
		};
		0456E8E824D9E894006DC0EC /* Model */ = {
			isa = PBXGroup;
			children = (
				0456E8EA24D9EA43006DC0EC /* Session.swift */,
				0456E8EC24D9ED78006DC0EC /* SessionManager.swift */,
				04800C9324DAA8CD00B847BC /* BreakManager.swift */,
				04800C9524DAA9B300B847BC /* Break.swift */,
			);
			path = Model;
			sourceTree = "<group>";
		};
		0456E8E924D9E8A2006DC0EC /* Controller */ = {
			isa = PBXGroup;
			children = (
				0408746724D85F0D00C5E97F /* SessionViewController.swift */,
				0408747D24D8B1C700C5E97F /* BreakViewController.swift */,
			);
			path = Controller;
			sourceTree = "<group>";
		};
/* End PBXGroup section */

/* Begin PBXNativeTarget section */
		0408745F24D85F0D00C5E97F /* Cactus */ = {
			isa = PBXNativeTarget;
			buildConfigurationList = 0408747424D85F1500C5E97F /* Build configuration list for PBXNativeTarget "Cactus" */;
			buildPhases = (
				0408745C24D85F0D00C5E97F /* Sources */,
				0408745D24D85F0D00C5E97F /* Frameworks */,
				0408745E24D85F0D00C5E97F /* Resources */,
			);
			buildRules = (
			);
			dependencies = (
			);
			name = Cactus;
			productName = Cactus;
			productReference = 0408746024D85F0D00C5E97F /* Cactus.app */;
			productType = "com.apple.product-type.application";
		};
/* End PBXNativeTarget section */

/* Begin PBXProject section */
		0408745824D85F0D00C5E97F /* Project object */ = {
			isa = PBXProject;
			attributes = {
				LastSwiftUpdateCheck = 1160;
				LastUpgradeCheck = 1160;
				ORGANIZATIONNAME = Bex;
				TargetAttributes = {
					0408745F24D85F0D00C5E97F = {
						CreatedOnToolsVersion = 11.6;
					};
				};
			};
			buildConfigurationList = 0408745B24D85F0D00C5E97F /* Build configuration list for PBXProject "Cactus" */;
			compatibilityVersion = "Xcode 9.3";
			developmentRegion = en;
			hasScannedForEncodings = 0;
			knownRegions = (
				en,
				Base,
			);
			mainGroup = 0408745724D85F0D00C5E97F;
			productRefGroup = 0408746124D85F0D00C5E97F /* Products */;
			projectDirPath = "";
			projectRoot = "";
			targets = (
				0408745F24D85F0D00C5E97F /* Cactus */,
			);
		};
/* End PBXProject section */

/* Begin PBXResourcesBuildPhase section */
		0408745E24D85F0D00C5E97F /* Resources */ = {
			isa = PBXResourcesBuildPhase;
			buildActionMask = 2147483647;
			files = (
				0408747024D85F1500C5E97F /* LaunchScreen.storyboard in Resources */,
				0408746D24D85F1500C5E97F /* Assets.xcassets in Resources */,
				0408746B24D85F0D00C5E97F /* Main.storyboard in Resources */,
			);
			runOnlyForDeploymentPostprocessing = 0;
		};
/* End PBXResourcesBuildPhase section */

/* Begin PBXSourcesBuildPhase section */
		0408745C24D85F0D00C5E97F /* Sources */ = {
			isa = PBXSourcesBuildPhase;
			buildActionMask = 2147483647;
			files = (
				0456E8EB24D9EA43006DC0EC /* Session.swift in Sources */,
				0408747E24D8B1C700C5E97F /* BreakViewController.swift in Sources */,
				04800C9424DAA8CD00B847BC /* BreakManager.swift in Sources */,
				04800C9624DAA9B300B847BC /* Break.swift in Sources */,
				0456E8ED24D9ED78006DC0EC /* SessionManager.swift in Sources */,
				0408746824D85F0D00C5E97F /* SessionViewController.swift in Sources */,
				0408747A24D8914800C5E97F /* OnboardingViewController.swift in Sources */,
				0408746424D85F0D00C5E97F /* AppDelegate.swift in Sources */,
			);
			runOnlyForDeploymentPostprocessing = 0;
		};
/* End PBXSourcesBuildPhase section */

/* Begin PBXVariantGroup section */
		0408746924D85F0D00C5E97F /* Main.storyboard */ = {
			isa = PBXVariantGroup;
			children = (
				0408746A24D85F0D00C5E97F /* Base */,
			);
			name = Main.storyboard;
			sourceTree = "<group>";
		};
		0408746E24D85F1500C5E97F /* LaunchScreen.storyboard */ = {
			isa = PBXVariantGroup;
			children = (
				0408746F24D85F1500C5E97F /* Base */,
			);
			name = LaunchScreen.storyboard;
			sourceTree = "<group>";
		};
/* End PBXVariantGroup section */

/* Begin XCBuildConfiguration section */
		0408747224D85F1500C5E97F /* Debug */ = {
			isa = XCBuildConfiguration;
			buildSettings = {
				ALWAYS_SEARCH_USER_PATHS = NO;
				CLANG_ANALYZER_NONNULL = YES;
				CLANG_ANALYZER_NUMBER_OBJECT_CONVERSION = YES_AGGRESSIVE;
				CLANG_CXX_LANGUAGE_STANDARD = "gnu++14";
				CLANG_CXX_LIBRARY = "libc++";
				CLANG_ENABLE_MODULES = YES;
				CLANG_ENABLE_OBJC_ARC = YES;
				CLANG_ENABLE_OBJC_WEAK = YES;
				CLANG_WARN_BLOCK_CAPTURE_AUTORELEASING = YES;
				CLANG_WARN_BOOL_CONVERSION = YES;
				CLANG_WARN_COMMA = YES;
				CLANG_WARN_CONSTANT_CONVERSION = YES;
				CLANG_WARN_DEPRECATED_OBJC_IMPLEMENTATIONS = YES;
				CLANG_WARN_DIRECT_OBJC_ISA_USAGE = YES_ERROR;
				CLANG_WARN_DOCUMENTATION_COMMENTS = YES;
				CLANG_WARN_EMPTY_BODY = YES;
				CLANG_WARN_ENUM_CONVERSION = YES;
				CLANG_WARN_INFINITE_RECURSION = YES;
				CLANG_WARN_INT_CONVERSION = YES;
				CLANG_WARN_NON_LITERAL_NULL_CONVERSION = YES;
				CLANG_WARN_OBJC_IMPLICIT_RETAIN_SELF = YES;
				CLANG_WARN_OBJC_LITERAL_CONVERSION = YES;
				CLANG_WARN_OBJC_ROOT_CLASS = YES_ERROR;
				CLANG_WARN_RANGE_LOOP_ANALYSIS = YES;
				CLANG_WARN_STRICT_PROTOTYPES = YES;
				CLANG_WARN_SUSPICIOUS_MOVE = YES;
				CLANG_WARN_UNGUARDED_AVAILABILITY = YES_AGGRESSIVE;
				CLANG_WARN_UNREACHABLE_CODE = YES;
				CLANG_WARN__DUPLICATE_METHOD_MATCH = YES;
				COPY_PHASE_STRIP = NO;
				DEBUG_INFORMATION_FORMAT = dwarf;
				ENABLE_STRICT_OBJC_MSGSEND = YES;
				ENABLE_TESTABILITY = YES;
				GCC_C_LANGUAGE_STANDARD = gnu11;
				GCC_DYNAMIC_NO_PIC = NO;
				GCC_NO_COMMON_BLOCKS = YES;
				GCC_OPTIMIZATION_LEVEL = 0;
				GCC_PREPROCESSOR_DEFINITIONS = (
					"DEBUG=1",
					"$(inherited)",
				);
				GCC_WARN_64_TO_32_BIT_CONVERSION = YES;
				GCC_WARN_ABOUT_RETURN_TYPE = YES_ERROR;
				GCC_WARN_UNDECLARED_SELECTOR = YES;
				GCC_WARN_UNINITIALIZED_AUTOS = YES_AGGRESSIVE;
				GCC_WARN_UNUSED_FUNCTION = YES;
				GCC_WARN_UNUSED_VARIABLE = YES;
				IPHONEOS_DEPLOYMENT_TARGET = 13.6;
				MTL_ENABLE_DEBUG_INFO = INCLUDE_SOURCE;
				MTL_FAST_MATH = YES;
				ONLY_ACTIVE_ARCH = YES;
				SDKROOT = iphoneos;
				SWIFT_ACTIVE_COMPILATION_CONDITIONS = DEBUG;
				SWIFT_OPTIMIZATION_LEVEL = "-Onone";
			};
			name = Debug;
		};
		0408747324D85F1500C5E97F /* Release */ = {
			isa = XCBuildConfiguration;
			buildSettings = {
				ALWAYS_SEARCH_USER_PATHS = NO;
				CLANG_ANALYZER_NONNULL = YES;
				CLANG_ANALYZER_NUMBER_OBJECT_CONVERSION = YES_AGGRESSIVE;
				CLANG_CXX_LANGUAGE_STANDARD = "gnu++14";
				CLANG_CXX_LIBRARY = "libc++";
				CLANG_ENABLE_MODULES = YES;
				CLANG_ENABLE_OBJC_ARC = YES;
				CLANG_ENABLE_OBJC_WEAK = YES;
				CLANG_WARN_BLOCK_CAPTURE_AUTORELEASING = YES;
				CLANG_WARN_BOOL_CONVERSION = YES;
				CLANG_WARN_COMMA = YES;
				CLANG_WARN_CONSTANT_CONVERSION = YES;
				CLANG_WARN_DEPRECATED_OBJC_IMPLEMENTATIONS = YES;
				CLANG_WARN_DIRECT_OBJC_ISA_USAGE = YES_ERROR;
				CLANG_WARN_DOCUMENTATION_COMMENTS = YES;
				CLANG_WARN_EMPTY_BODY = YES;
				CLANG_WARN_ENUM_CONVERSION = YES;
				CLANG_WARN_INFINITE_RECURSION = YES;
				CLANG_WARN_INT_CONVERSION = YES;
				CLANG_WARN_NON_LITERAL_NULL_CONVERSION = YES;
				CLANG_WARN_OBJC_IMPLICIT_RETAIN_SELF = YES;
				CLANG_WARN_OBJC_LITERAL_CONVERSION = YES;
				CLANG_WARN_OBJC_ROOT_CLASS = YES_ERROR;
				CLANG_WARN_RANGE_LOOP_ANALYSIS = YES;
				CLANG_WARN_STRICT_PROTOTYPES = YES;
				CLANG_WARN_SUSPICIOUS_MOVE = YES;
				CLANG_WARN_UNGUARDED_AVAILABILITY = YES_AGGRESSIVE;
				CLANG_WARN_UNREACHABLE_CODE = YES;
				CLANG_WARN__DUPLICATE_METHOD_MATCH = YES;
				COPY_PHASE_STRIP = NO;
				DEBUG_INFORMATION_FORMAT = "dwarf-with-dsym";
				ENABLE_NS_ASSERTIONS = NO;
				ENABLE_STRICT_OBJC_MSGSEND = YES;
				GCC_C_LANGUAGE_STANDARD = gnu11;
				GCC_NO_COMMON_BLOCKS = YES;
				GCC_WARN_64_TO_32_BIT_CONVERSION = YES;
				GCC_WARN_ABOUT_RETURN_TYPE = YES_ERROR;
				GCC_WARN_UNDECLARED_SELECTOR = YES;
				GCC_WARN_UNINITIALIZED_AUTOS = YES_AGGRESSIVE;
				GCC_WARN_UNUSED_FUNCTION = YES;
				GCC_WARN_UNUSED_VARIABLE = YES;
				IPHONEOS_DEPLOYMENT_TARGET = 13.6;
				MTL_ENABLE_DEBUG_INFO = NO;
				MTL_FAST_MATH = YES;
				SDKROOT = iphoneos;
				SWIFT_COMPILATION_MODE = wholemodule;
				SWIFT_OPTIMIZATION_LEVEL = "-O";
				VALIDATE_PRODUCT = YES;
			};
			name = Release;
		};
		0408747524D85F1500C5E97F /* Debug */ = {
			isa = XCBuildConfiguration;
			buildSettings = {
				ASSETCATALOG_COMPILER_APPICON_NAME = AppIcon;
				CODE_SIGN_STYLE = Automatic;
				INFOPLIST_FILE = Cactus/Info.plist;
				LD_RUNPATH_SEARCH_PATHS = (
					"$(inherited)",
					"@executable_path/Frameworks",
				);
				PRODUCT_BUNDLE_IDENTIFIER = Tokan.Cactus;
				PRODUCT_NAME = "$(TARGET_NAME)";
				SWIFT_VERSION = 5.0;
				TARGETED_DEVICE_FAMILY = "1,2";
			};
			name = Debug;
		};
		0408747624D85F1500C5E97F /* Release */ = {
			isa = XCBuildConfiguration;
			buildSettings = {
				ASSETCATALOG_COMPILER_APPICON_NAME = AppIcon;
				CODE_SIGN_STYLE = Automatic;
				INFOPLIST_FILE = Cactus/Info.plist;
				LD_RUNPATH_SEARCH_PATHS = (
					"$(inherited)",
					"@executable_path/Frameworks",
				);
				PRODUCT_BUNDLE_IDENTIFIER = Tokan.Cactus;
				PRODUCT_NAME = "$(TARGET_NAME)";
				SWIFT_VERSION = 5.0;
				TARGETED_DEVICE_FAMILY = "1,2";
			};
			name = Release;
		};
/* End XCBuildConfiguration section */

/* Begin XCConfigurationList section */
		0408745B24D85F0D00C5E97F /* Build configuration list for PBXProject "Cactus" */ = {
			isa = XCConfigurationList;
			buildConfigurations = (
				0408747224D85F1500C5E97F /* Debug */,
				0408747324D85F1500C5E97F /* Release */,
			);
			defaultConfigurationIsVisible = 0;
			defaultConfigurationName = Release;
		};
		0408747424D85F1500C5E97F /* Build configuration list for PBXNativeTarget "Cactus" */ = {
			isa = XCConfigurationList;
			buildConfigurations = (
				0408747524D85F1500C5E97F /* Debug */,
				0408747624D85F1500C5E97F /* Release */,
			);
			defaultConfigurationIsVisible = 0;
			defaultConfigurationName = Release;
		};
/* End XCConfigurationList section */
	};
	rootObject = 0408745824D85F0D00C5E97F /* Project object */;
}
